
Microsoft Visual Studio Solution File, Format Version 12.00
# Visual Studio Version 17
VisualStudioVersion = 17.5.33530.505
MinimumVisualStudioVersion = 10.0.40219.1
Project("{9A19103F-16F7-4668-BE54-9A1E7A4F7556}") = "furniture_assess", "furniture_assess.csproj", "{A3D6C0B4-B4E4-43EE-AC45-01415B3468AB}"
EndProject
Global
	GlobalSection(SolutionConfigurationPlatforms) = preSolution
		Debug|Any CPU = Debug|Any CPU
		Release|Any CPU = Release|Any CPU
	EndGlobalSection
	GlobalSection(ProjectConfigurationPlatforms) = postSolution
		{A3D6C0B4-B4E4-43EE-AC45-01415B3468AB}.Debug|Any CPU.ActiveCfg = Debug|Any CPU
		{A3D6C0B4-B4E4-43EE-AC45-01415B3468AB}.Debug|Any CPU.Build.0 = Debug|Any CPU
		{A3D6C0B4-B4E4-43EE-AC45-01415B3468AB}.Release|Any CPU.ActiveCfg = Release|Any CPU
		{A3D6C0B4-B4E4-43EE-AC45-01415B3468AB}.Release|Any CPU.Build.0 = Release|Any CPU
	EndGlobalSection
	GlobalSection(SolutionProperties) = preSolution
		HideSolutionNode = FALSE
	EndGlobalSection
	GlobalSection(ExtensibilityGlobals) = postSolution
		SolutionGuid = {BE07CF8C-BCF8-4CF0-8401-37326710AF11}
	EndGlobalSection
EndGlobal
